
Microsoft Visual Studio Solution File, Format Version 12.00
# Visual Studio Version 17
VisualStudioVersion = 17.0.31903.59
MinimumVisualStudioVersion = 10.0.40219.1
Project("{2150E333-8FDC-42A3-9474-1A3956D46DE8}") = "src", "src", "{827E0CD3-B72D-47B6-A68D-7590B98EB39B}"
EndProject
Project("{FAE04EC0-301F-11D3-BF4B-00C04F79EFBC}") = "MautoDesk.Api", "src\MautoDesk.Api\MautoDesk.Api.csproj", "{A7E8733B-AADA-4899-861B-85BBDCC1C3D0}"
EndProject
Project("{FAE04EC0-301F-11D3-BF4B-00C04F79EFBC}") = "MautoDesk.Infrastructure", "src\MautoDesk.Infrastructure\MautoDesk.Infrastructure.csproj", "{726BF1C6-928A-46F1-9BEC-8A400E2D1006}"
EndProject
Project("{FAE04EC0-301F-11D3-BF4B-00C04F79EFBC}") = "MautoDesk.SharedKernel", "src\MautoDesk.SharedKernel\MautoDesk.SharedKernel.csproj", "{87DCEED7-7D87-427F-A9E8-F702171B36AB}"
EndProject
Project("{2150E333-8FDC-42A3-9474-1A3956D46DE8}") = "Modules", "Modules", "{EC447DCF-ABFA-6E24-52A5-D7FD48A5C558}"
EndProject
Project("{2150E333-8FDC-42A3-9474-1A3956D46DE8}") = "Inventory", "Inventory", "{18C073E0-6CB1-4693-3636-BFEE619A6192}"
EndProject
Project("{FAE04EC0-301F-11D3-BF4B-00C04F79EFBC}") = "MautoDesk.Inventory.Application", "src\Modules\Inventory\MautoDesk.Inventory.Application\MautoDesk.Inventory.Application.csproj", "{1F069E7A-E0D3-4820-86A6-8DD988815B69}"
EndProject
Project("{FAE04EC0-301F-11D3-BF4B-00C04F79EFBC}") = "MautoDesk.Inventory.Contracts", "src\Modules\Inventory\MautoDesk.Inventory.Contracts\MautoDesk.Inventory.Contracts.csproj", "{4FB5ADE3-E254-4505-BDFF-D2AF023B9DCE}"
EndProject
Project("{FAE04EC0-301F-11D3-BF4B-00C04F79EFBC}") = "MautoDesk.Inventory.Domain", "src\Modules\Inventory\MautoDesk.Inventory.Domain\MautoDesk.Inventory.Domain.csproj", "{ABB25C7B-55DC-4873-A384-FA2CB82BEE58}"
EndProject
Project("{FAE04EC0-301F-11D3-BF4B-00C04F79EFBC}") = "MautoDesk.Inventory.Infrastructure", "src\Modules\Inventory\MautoDesk.Inventory.Infrastructure\MautoDesk.Inventory.Infrastructure.csproj", "{E301F1A9-BB0E-4150-A443-B622993C8C96}"
EndProject
Project("{2150E333-8FDC-42A3-9474-1A3956D46DE8}") = "tests", "tests", "{0AB3BF05-4346-4AA6-1389-037BE0695223}"
EndProject
Project("{FAE04EC0-301F-11D3-BF4B-00C04F79EFBC}") = "MautoDesk.ArchitectureTests", "tests\MautoDesk.ArchitectureTests\MautoDesk.ArchitectureTests.csproj", "{F3D4161D-BD4F-4246-936C-AFD6B5E9D07C}"
EndProject
Project("{FAE04EC0-301F-11D3-BF4B-00C04F79EFBC}") = "MautoDesk.IntegrationTests", "tests\MautoDesk.IntegrationTests\MautoDesk.IntegrationTests.csproj", "{1438A0CA-7F89-469E-A49C-2E083E4D67A9}"
EndProject
Project("{FAE04EC0-301F-11D3-BF4B-00C04F79EFBC}") = "MautoDesk.UnitTests", "tests\MautoDesk.UnitTests\MautoDesk.UnitTests.csproj", "{7E1B3A78-B906-46C6-8B2E-957CC3A92450}"
EndProject
Project("{2150E333-8FDC-42A3-9474-1A3956D46DE8}") = "Identity", "Identity", "{0EC62A1A-9858-3A60-8A0C-FC9AACFA2EC7}"
EndProject
Project("{FAE04EC0-301F-11D3-BF4B-00C04F79EFBC}") = "MautoDesk.Identity.Application", "src\Modules\Identity\MautoDesk.Identity.Application\MautoDesk.Identity.Application.csproj", "{0E2396EE-FA86-444B-BA68-623582E9A129}"
EndProject
Project("{FAE04EC0-301F-11D3-BF4B-00C04F79EFBC}") = "MautoDesk.Identity.Contracts", "src\Modules\Identity\MautoDesk.Identity.Contracts\MautoDesk.Identity.Contracts.csproj", "{BC9FD1A8-2339-4066-937D-B4DDF5C6CC41}"
EndProject
Project("{FAE04EC0-301F-11D3-BF4B-00C04F79EFBC}") = "MautoDesk.Identity.Domain", "src\Modules\Identity\MautoDesk.Identity.Domain\MautoDesk.Identity.Domain.csproj", "{DA981FA6-3632-4AFF-A030-3BF8A6C3D17E}"
EndProject
Project("{FAE04EC0-301F-11D3-BF4B-00C04F79EFBC}") = "MautoDesk.Identity.Infrastructure", "src\Modules\Identity\MautoDesk.Identity.Infrastructure\MautoDesk.Identity.Infrastructure.csproj", "{BBDCBE14-C727-4813-9656-0CE10D468FC7}"
EndProject
Global
	GlobalSection(SolutionConfigurationPlatforms) = preSolution
		Debug|Any CPU = Debug|Any CPU
		Debug|x64 = Debug|x64
		Debug|x86 = Debug|x86
		Release|Any CPU = Release|Any CPU
		Release|x64 = Release|x64
		Release|x86 = Release|x86
	EndGlobalSection
	GlobalSection(ProjectConfigurationPlatforms) = postSolution
		{A7E8733B-AADA-4899-861B-85BBDCC1C3D0}.Debug|Any CPU.ActiveCfg = Debug|Any CPU
		{A7E8733B-AADA-4899-861B-85BBDCC1C3D0}.Debug|Any CPU.Build.0 = Debug|Any CPU
		{A7E8733B-AADA-4899-861B-85BBDCC1C3D0}.Debug|x64.ActiveCfg = Debug|Any CPU
		{A7E8733B-AADA-4899-861B-85BBDCC1C3D0}.Debug|x64.Build.0 = Debug|Any CPU
		{A7E8733B-AADA-4899-861B-85BBDCC1C3D0}.Debug|x86.ActiveCfg = Debug|Any CPU
		{A7E8733B-AADA-4899-861B-85BBDCC1C3D0}.Debug|x86.Build.0 = Debug|Any CPU
		{A7E8733B-AADA-4899-861B-85BBDCC1C3D0}.Release|Any CPU.ActiveCfg = Release|Any CPU
		{A7E8733B-AADA-4899-861B-85BBDCC1C3D0}.Release|Any CPU.Build.0 = Release|Any CPU
		{A7E8733B-AADA-4899-861B-85BBDCC1C3D0}.Release|x64.ActiveCfg = Release|Any CPU
		{A7E8733B-AADA-4899-861B-85BBDCC1C3D0}.Release|x64.Build.0 = Release|Any CPU
		{A7E8733B-AADA-4899-861B-85BBDCC1C3D0}.Release|x86.ActiveCfg = Release|Any CPU
		{A7E8733B-AADA-4899-861B-85BBDCC1C3D0}.Release|x86.Build.0 = Release|Any CPU
		{726BF1C6-928A-46F1-9BEC-8A400E2D1006}.Debug|Any CPU.ActiveCfg = Debug|Any CPU
		{726BF1C6-928A-46F1-9BEC-8A400E2D1006}.Debug|Any CPU.Build.0 = Debug|Any CPU
		{726BF1C6-928A-46F1-9BEC-8A400E2D1006}.Debug|x64.ActiveCfg = Debug|Any CPU
		{726BF1C6-928A-46F1-9BEC-8A400E2D1006}.Debug|x64.Build.0 = Debug|Any CPU
		{726BF1C6-928A-46F1-9BEC-8A400E2D1006}.Debug|x86.ActiveCfg = Debug|Any CPU
		{726BF1C6-928A-46F1-9BEC-8A400E2D1006}.Debug|x86.Build.0 = Debug|Any CPU
		{726BF1C6-928A-46F1-9BEC-8A400E2D1006}.Release|Any CPU.ActiveCfg = Release|Any CPU
		{726BF1C6-928A-46F1-9BEC-8A400E2D1006}.Release|Any CPU.Build.0 = Release|Any CPU
		{726BF1C6-928A-46F1-9BEC-8A400E2D1006}.Release|x64.ActiveCfg = Release|Any CPU
		{726BF1C6-928A-46F1-9BEC-8A400E2D1006}.Release|x64.Build.0 = Release|Any CPU
		{726BF1C6-928A-46F1-9BEC-8A400E2D1006}.Release|x86.ActiveCfg = Release|Any CPU
		{726BF1C6-928A-46F1-9BEC-8A400E2D1006}.Release|x86.Build.0 = Release|Any CPU
		{87DCEED7-7D87-427F-A9E8-F702171B36AB}.Debug|Any CPU.ActiveCfg = Debug|Any CPU
		{87DCEED7-7D87-427F-A9E8-F702171B36AB}.Debug|Any CPU.Build.0 = Debug|Any CPU
		{87DCEED7-7D87-427F-A9E8-F702171B36AB}.Debug|x64.ActiveCfg = Debug|Any CPU
		{87DCEED7-7D87-427F-A9E8-F702171B36AB}.Debug|x64.Build.0 = Debug|Any CPU
		{87DCEED7-7D87-427F-A9E8-F702171B36AB}.Debug|x86.ActiveCfg = Debug|Any CPU
		{87DCEED7-7D87-427F-A9E8-F702171B36AB}.Debug|x86.Build.0 = Debug|Any CPU
		{87DCEED7-7D87-427F-A9E8-F702171B36AB}.Release|Any CPU.ActiveCfg = Release|Any CPU
		{87DCEED7-7D87-427F-A9E8-F702171B36AB}.Release|Any CPU.Build.0 = Release|Any CPU
		{87DCEED7-7D87-427F-A9E8-F702171B36AB}.Release|x64.ActiveCfg = Release|Any CPU
		{87DCEED7-7D87-427F-A9E8-F702171B36AB}.Release|x64.Build.0 = Release|Any CPU
		{87DCEED7-7D87-427F-A9E8-F702171B36AB}.Release|x86.ActiveCfg = Release|Any CPU
		{87DCEED7-7D87-427F-A9E8-F702171B36AB}.Release|x86.Build.0 = Release|Any CPU
		{1F069E7A-E0D3-4820-86A6-8DD988815B69}.Debug|Any CPU.ActiveCfg = Debug|Any CPU
		{1F069E7A-E0D3-4820-86A6-8DD988815B69}.Debug|Any CPU.Build.0 = Debug|Any CPU
		{1F069E7A-E0D3-4820-86A6-8DD988815B69}.Debug|x64.ActiveCfg = Debug|Any CPU
		{1F069E7A-E0D3-4820-86A6-8DD988815B69}.Debug|x64.Build.0 = Debug|Any CPU
		{1F069E7A-E0D3-4820-86A6-8DD988815B69}.Debug|x86.ActiveCfg = Debug|Any CPU
		{1F069E7A-E0D3-4820-86A6-8DD988815B69}.Debug|x86.Build.0 = Debug|Any CPU
		{1F069E7A-E0D3-4820-86A6-8DD988815B69}.Release|Any CPU.ActiveCfg = Release|Any CPU
		{1F069E7A-E0D3-4820-86A6-8DD988815B69}.Release|Any CPU.Build.0 = Release|Any CPU
		{1F069E7A-E0D3-4820-86A6-8DD988815B69}.Release|x64.ActiveCfg = Release|Any CPU
		{1F069E7A-E0D3-4820-86A6-8DD988815B69}.Release|x64.Build.0 = Release|Any CPU
		{1F069E7A-E0D3-4820-86A6-8DD988815B69}.Release|x86.ActiveCfg = Release|Any CPU
		{1F069E7A-E0D3-4820-86A6-8DD988815B69}.Release|x86.Build.0 = Release|Any CPU
		{4FB5ADE3-E254-4505-BDFF-D2AF023B9DCE}.Debug|Any CPU.ActiveCfg = Debug|Any CPU
		{4FB5ADE3-E254-4505-BDFF-D2AF023B9DCE}.Debug|Any CPU.Build.0 = Debug|Any CPU
		{4FB5ADE3-E254-4505-BDFF-D2AF023B9DCE}.Debug|x64.ActiveCfg = Debug|Any CPU
		{4FB5ADE3-E254-4505-BDFF-D2AF023B9DCE}.Debug|x64.Build.0 = Debug|Any CPU
		{4FB5ADE3-E254-4505-BDFF-D2AF023B9DCE}.Debug|x86.ActiveCfg = Debug|Any CPU
		{4FB5ADE3-E254-4505-BDFF-D2AF023B9DCE}.Debug|x86.Build.0 = Debug|Any CPU
		{4FB5ADE3-E254-4505-BDFF-D2AF023B9DCE}.Release|Any CPU.ActiveCfg = Release|Any CPU
		{4FB5ADE3-E254-4505-BDFF-D2AF023B9DCE}.Release|Any CPU.Build.0 = Release|Any CPU
		{4FB5ADE3-E254-4505-BDFF-D2AF023B9DCE}.Release|x64.ActiveCfg = Release|Any CPU
		{4FB5ADE3-E254-4505-BDFF-D2AF023B9DCE}.Release|x64.Build.0 = Release|Any CPU
		{4FB5ADE3-E254-4505-BDFF-D2AF023B9DCE}.Release|x86.ActiveCfg = Release|Any CPU
		{4FB5ADE3-E254-4505-BDFF-D2AF023B9DCE}.Release|x86.Build.0 = Release|Any CPU
		{ABB25C7B-55DC-4873-A384-FA2CB82BEE58}.Debug|Any CPU.ActiveCfg = Debug|Any CPU
		{ABB25C7B-55DC-4873-A384-FA2CB82BEE58}.Debug|Any CPU.Build.0 = Debug|Any CPU
		{ABB25C7B-55DC-4873-A384-FA2CB82BEE58}.Debug|x64.ActiveCfg = Debug|Any CPU
		{ABB25C7B-55DC-4873-A384-FA2CB82BEE58}.Debug|x64.Build.0 = Debug|Any CPU
		{ABB25C7B-55DC-4873-A384-FA2CB82BEE58}.Debug|x86.ActiveCfg = Debug|Any CPU
		{ABB25C7B-55DC-4873-A384-FA2CB82BEE58}.Debug|x86.Build.0 = Debug|Any CPU
		{ABB25C7B-55DC-4873-A384-FA2CB82BEE58}.Release|Any CPU.ActiveCfg = Release|Any CPU
		{ABB25C7B-55DC-4873-A384-FA2CB82BEE58}.Release|Any CPU.Build.0 = Release|Any CPU
		{ABB25C7B-55DC-4873-A384-FA2CB82BEE58}.Release|x64.ActiveCfg = Release|Any CPU
		{ABB25C7B-55DC-4873-A384-FA2CB82BEE58}.Release|x64.Build.0 = Release|Any CPU
		{ABB25C7B-55DC-4873-A384-FA2CB82BEE58}.Release|x86.ActiveCfg = Release|Any CPU
		{ABB25C7B-55DC-4873-A384-FA2CB82BEE58}.Release|x86.Build.0 = Release|Any CPU
		{E301F1A9-BB0E-4150-A443-B622993C8C96}.Debug|Any CPU.ActiveCfg = Debug|Any CPU
		{E301F1A9-BB0E-4150-A443-B622993C8C96}.Debug|Any CPU.Build.0 = Debug|Any CPU
		{E301F1A9-BB0E-4150-A443-B622993C8C96}.Debug|x64.ActiveCfg = Debug|Any CPU
		{E301F1A9-BB0E-4150-A443-B622993C8C96}.Debug|x64.Build.0 = Debug|Any CPU
		{E301F1A9-BB0E-4150-A443-B622993C8C96}.Debug|x86.ActiveCfg = Debug|Any CPU
		{E301F1A9-BB0E-4150-A443-B622993C8C96}.Debug|x86.Build.0 = Debug|Any CPU
		{E301F1A9-BB0E-4150-A443-B622993C8C96}.Release|Any CPU.ActiveCfg = Release|Any CPU
		{E301F1A9-BB0E-4150-A443-B622993C8C96}.Release|Any CPU.Build.0 = Release|Any CPU
		{E301F1A9-BB0E-4150-A443-B622993C8C96}.Release|x64.ActiveCfg = Release|Any CPU
		{E301F1A9-BB0E-4150-A443-B622993C8C96}.Release|x64.Build.0 = Release|Any CPU
		{E301F1A9-BB0E-4150-A443-B622993C8C96}.Release|x86.ActiveCfg = Release|Any CPU
		{E301F1A9-BB0E-4150-A443-B622993C8C96}.Release|x86.Build.0 = Release|Any CPU
		{F3D4161D-BD4F-4246-936C-AFD6B5E9D07C}.Debug|Any CPU.ActiveCfg = Debug|Any CPU
		{F3D4161D-BD4F-4246-936C-AFD6B5E9D07C}.Debug|Any CPU.Build.0 = Debug|Any CPU
		{F3D4161D-BD4F-4246-936C-AFD6B5E9D07C}.Debug|x64.ActiveCfg = Debug|Any CPU
		{F3D4161D-BD4F-4246-936C-AFD6B5E9D07C}.Debug|x64.Build.0 = Debug|Any CPU
		{F3D4161D-BD4F-4246-936C-AFD6B5E9D07C}.Debug|x86.ActiveCfg = Debug|Any CPU
		{F3D4161D-BD4F-4246-936C-AFD6B5E9D07C}.Debug|x86.Build.0 = Debug|Any CPU
		{F3D4161D-BD4F-4246-936C-AFD6B5E9D07C}.Release|Any CPU.ActiveCfg = Release|Any CPU
		{F3D4161D-BD4F-4246-936C-AFD6B5E9D07C}.Release|Any CPU.Build.0 = Release|Any CPU
		{F3D4161D-BD4F-4246-936C-AFD6B5E9D07C}.Release|x64.ActiveCfg = Release|Any CPU
		{F3D4161D-BD4F-4246-936C-AFD6B5E9D07C}.Release|x64.Build.0 = Release|Any CPU
		{F3D4161D-BD4F-4246-936C-AFD6B5E9D07C}.Release|x86.ActiveCfg = Release|Any CPU
		{F3D4161D-BD4F-4246-936C-AFD6B5E9D07C}.Release|x86.Build.0 = Release|Any CPU
		{1438A0CA-7F89-469E-A49C-2E083E4D67A9}.Debug|Any CPU.ActiveCfg = Debug|Any CPU
		{1438A0CA-7F89-469E-A49C-2E083E4D67A9}.Debug|Any CPU.Build.0 = Debug|Any CPU
		{1438A0CA-7F89-469E-A49C-2E083E4D67A9}.Debug|x64.ActiveCfg = Debug|Any CPU
		{1438A0CA-7F89-469E-A49C-2E083E4D67A9}.Debug|x64.Build.0 = Debug|Any CPU
		{1438A0CA-7F89-469E-A49C-2E083E4D67A9}.Debug|x86.ActiveCfg = Debug|Any CPU
		{1438A0CA-7F89-469E-A49C-2E083E4D67A9}.Debug|x86.Build.0 = Debug|Any CPU
		{1438A0CA-7F89-469E-A49C-2E083E4D67A9}.Release|Any CPU.ActiveCfg = Release|Any CPU
		{1438A0CA-7F89-469E-A49C-2E083E4D67A9}.Release|Any CPU.Build.0 = Release|Any CPU
		{1438A0CA-7F89-469E-A49C-2E083E4D67A9}.Release|x64.ActiveCfg = Release|Any CPU
		{1438A0CA-7F89-469E-A49C-2E083E4D67A9}.Release|x64.Build.0 = Release|Any CPU
		{1438A0CA-7F89-469E-A49C-2E083E4D67A9}.Release|x86.ActiveCfg = Release|Any CPU
		{1438A0CA-7F89-469E-A49C-2E083E4D67A9}.Release|x86.Build.0 = Release|Any CPU
		{7E1B3A78-B906-46C6-8B2E-957CC3A92450}.Debug|Any CPU.ActiveCfg = Debug|Any CPU
		{7E1B3A78-B906-46C6-8B2E-957CC3A92450}.Debug|Any CPU.Build.0 = Debug|Any CPU
		{7E1B3A78-B906-46C6-8B2E-957CC3A92450}.Debug|x64.ActiveCfg = Debug|Any CPU
		{7E1B3A78-B906-46C6-8B2E-957CC3A92450}.Debug|x64.Build.0 = Debug|Any CPU
		{7E1B3A78-B906-46C6-8B2E-957CC3A92450}.Debug|x86.ActiveCfg = Debug|Any CPU
		{7E1B3A78-B906-46C6-8B2E-957CC3A92450}.Debug|x86.Build.0 = Debug|Any CPU
		{7E1B3A78-B906-46C6-8B2E-957CC3A92450}.Release|Any CPU.ActiveCfg = Release|Any CPU
		{7E1B3A78-B906-46C6-8B2E-957CC3A92450}.Release|Any CPU.Build.0 = Release|Any CPU
		{7E1B3A78-B906-46C6-8B2E-957CC3A92450}.Release|x64.ActiveCfg = Release|Any CPU
		{7E1B3A78-B906-46C6-8B2E-957CC3A92450}.Release|x64.Build.0 = Release|Any CPU
		{7E1B3A78-B906-46C6-8B2E-957CC3A92450}.Release|x86.ActiveCfg = Release|Any CPU
		{7E1B3A78-B906-46C6-8B2E-957CC3A92450}.Release|x86.Build.0 = Release|Any CPU
		{0E2396EE-FA86-444B-BA68-623582E9A129}.Debug|Any CPU.ActiveCfg = Debug|Any CPU
		{0E2396EE-FA86-444B-BA68-623582E9A129}.Debug|Any CPU.Build.0 = Debug|Any CPU
		{0E2396EE-FA86-444B-BA68-623582E9A129}.Debug|x64.ActiveCfg = Debug|Any CPU
		{0E2396EE-FA86-444B-BA68-623582E9A129}.Debug|x64.Build.0 = Debug|Any CPU
		{0E2396EE-FA86-444B-BA68-623582E9A129}.Debug|x86.ActiveCfg = Debug|Any CPU
		{0E2396EE-FA86-444B-BA68-623582E9A129}.Debug|x86.Build.0 = Debug|Any CPU
		{0E2396EE-FA86-444B-BA68-623582E9A129}.Release|Any CPU.ActiveCfg = Release|Any CPU
		{0E2396EE-FA86-444B-BA68-623582E9A129}.Release|Any CPU.Build.0 = Release|Any CPU
		{0E2396EE-FA86-444B-BA68-623582E9A129}.Release|x64.ActiveCfg = Release|Any CPU
		{0E2396EE-FA86-444B-BA68-623582E9A129}.Release|x64.Build.0 = Release|Any CPU
		{0E2396EE-FA86-444B-BA68-623582E9A129}.Release|x86.ActiveCfg = Release|Any CPU
		{0E2396EE-FA86-444B-BA68-623582E9A129}.Release|x86.Build.0 = Release|Any CPU
		{BC9FD1A8-2339-4066-937D-B4DDF5C6CC41}.Debug|Any CPU.ActiveCfg = Debug|Any CPU
		{BC9FD1A8-2339-4066-937D-B4DDF5C6CC41}.Debug|Any CPU.Build.0 = Debug|Any CPU
		{BC9FD1A8-2339-4066-937D-B4DDF5C6CC41}.Debug|x64.ActiveCfg = Debug|Any CPU
		{BC9FD1A8-2339-4066-937D-B4DDF5C6CC41}.Debug|x64.Build.0 = Debug|Any CPU
		{BC9FD1A8-2339-4066-937D-B4DDF5C6CC41}.Debug|x86.ActiveCfg = Debug|Any CPU
		{BC9FD1A8-2339-4066-937D-B4DDF5C6CC41}.Debug|x86.Build.0 = Debug|Any CPU
		{BC9FD1A8-2339-4066-937D-B4DDF5C6CC41}.Release|Any CPU.ActiveCfg = Release|Any CPU
		{BC9FD1A8-2339-4066-937D-B4DDF5C6CC41}.Release|Any CPU.Build.0 = Release|Any CPU
		{BC9FD1A8-2339-4066-937D-B4DDF5C6CC41}.Release|x64.ActiveCfg = Release|Any CPU
		{BC9FD1A8-2339-4066-937D-B4DDF5C6CC41}.Release|x64.Build.0 = Release|Any CPU
		{BC9FD1A8-2339-4066-937D-B4DDF5C6CC41}.Release|x86.ActiveCfg = Release|Any CPU
		{BC9FD1A8-2339-4066-937D-B4DDF5C6CC41}.Release|x86.Build.0 = Release|Any CPU
		{DA981FA6-3632-4AFF-A030-3BF8A6C3D17E}.Debug|Any CPU.ActiveCfg = Debug|Any CPU
		{DA981FA6-3632-4AFF-A030-3BF8A6C3D17E}.Debug|Any CPU.Build.0 = Debug|Any CPU
		{DA981FA6-3632-4AFF-A030-3BF8A6C3D17E}.Debug|x64.ActiveCfg = Debug|Any CPU
		{DA981FA6-3632-4AFF-A030-3BF8A6C3D17E}.Debug|x64.Build.0 = Debug|Any CPU
		{DA981FA6-3632-4AFF-A030-3BF8A6C3D17E}.Debug|x86.ActiveCfg = Debug|Any CPU
		{DA981FA6-3632-4AFF-A030-3BF8A6C3D17E}.Debug|x86.Build.0 = Debug|Any CPU
		{DA981FA6-3632-4AFF-A030-3BF8A6C3D17E}.Release|Any CPU.ActiveCfg = Release|Any CPU
		{DA981FA6-3632-4AFF-A030-3BF8A6C3D17E}.Release|Any CPU.Build.0 = Release|Any CPU
		{DA981FA6-3632-4AFF-A030-3BF8A6C3D17E}.Release|x64.ActiveCfg = Release|Any CPU
		{DA981FA6-3632-4AFF-A030-3BF8A6C3D17E}.Release|x64.Build.0 = Release|Any CPU
		{DA981FA6-3632-4AFF-A030-3BF8A6C3D17E}.Release|x86.ActiveCfg = Release|Any CPU
		{DA981FA6-3632-4AFF-A030-3BF8A6C3D17E}.Release|x86.Build.0 = Release|Any CPU
		{BBDCBE14-C727-4813-9656-0CE10D468FC7}.Debug|Any CPU.ActiveCfg = Debug|Any CPU
		{BBDCBE14-C727-4813-9656-0CE10D468FC7}.Debug|Any CPU.Build.0 = Debug|Any CPU
		{BBDCBE14-C727-4813-9656-0CE10D468FC7}.Debug|x64.ActiveCfg = Debug|Any CPU
		{BBDCBE14-C727-4813-9656-0CE10D468FC7}.Debug|x64.Build.0 = Debug|Any CPU
		{BBDCBE14-C727-4813-9656-0CE10D468FC7}.Debug|x86.ActiveCfg = Debug|Any CPU
		{BBDCBE14-C727-4813-9656-0CE10D468FC7}.Debug|x86.Build.0 = Debug|Any CPU
		{BBDCBE14-C727-4813-9656-0CE10D468FC7}.Release|Any CPU.ActiveCfg = Release|Any CPU
		{BBDCBE14-C727-4813-9656-0CE10D468FC7}.Release|Any CPU.Build.0 = Release|Any CPU
		{BBDCBE14-C727-4813-9656-0CE10D468FC7}.Release|x64.ActiveCfg = Release|Any CPU
		{BBDCBE14-C727-4813-9656-0CE10D468FC7}.Release|x64.Build.0 = Release|Any CPU
		{BBDCBE14-C727-4813-9656-0CE10D468FC7}.Release|x86.ActiveCfg = Release|Any CPU
		{BBDCBE14-C727-4813-9656-0CE10D468FC7}.Release|x86.Build.0 = Release|Any CPU
	EndGlobalSection
	GlobalSection(SolutionProperties) = preSolution
		HideSolutionNode = FALSE
	EndGlobalSection
	GlobalSection(NestedProjects) = preSolution
		{A7E8733B-AADA-4899-861B-85BBDCC1C3D0} = {827E0CD3-B72D-47B6-A68D-7590B98EB39B}
		{726BF1C6-928A-46F1-9BEC-8A400E2D1006} = {827E0CD3-B72D-47B6-A68D-7590B98EB39B}
		{87DCEED7-7D87-427F-A9E8-F702171B36AB} = {827E0CD3-B72D-47B6-A68D-7590B98EB39B}
		{EC447DCF-ABFA-6E24-52A5-D7FD48A5C558} = {827E0CD3-B72D-47B6-A68D-7590B98EB39B}
		{18C073E0-6CB1-4693-3636-BFEE619A6192} = {EC447DCF-ABFA-6E24-52A5-D7FD48A5C558}
		{1F069E7A-E0D3-4820-86A6-8DD988815B69} = {18C073E0-6CB1-4693-3636-BFEE619A6192}
		{4FB5ADE3-E254-4505-BDFF-D2AF023B9DCE} = {18C073E0-6CB1-4693-3636-BFEE619A6192}
		{ABB25C7B-55DC-4873-A384-FA2CB82BEE58} = {18C073E0-6CB1-4693-3636-BFEE619A6192}
		{E301F1A9-BB0E-4150-A443-B622993C8C96} = {18C073E0-6CB1-4693-3636-BFEE619A6192}
		{F3D4161D-BD4F-4246-936C-AFD6B5E9D07C} = {0AB3BF05-4346-4AA6-1389-037BE0695223}
		{1438A0CA-7F89-469E-A49C-2E083E4D67A9} = {0AB3BF05-4346-4AA6-1389-037BE0695223}
		{7E1B3A78-B906-46C6-8B2E-957CC3A92450} = {0AB3BF05-4346-4AA6-1389-037BE0695223}
		{0EC62A1A-9858-3A60-8A0C-FC9AACFA2EC7} = {EC447DCF-ABFA-6E24-52A5-D7FD48A5C558}
		{0E2396EE-FA86-444B-BA68-623582E9A129} = {0EC62A1A-9858-3A60-8A0C-FC9AACFA2EC7}
		{BC9FD1A8-2339-4066-937D-B4DDF5C6CC41} = {0EC62A1A-9858-3A60-8A0C-FC9AACFA2EC7}
		{DA981FA6-3632-4AFF-A030-3BF8A6C3D17E} = {0EC62A1A-9858-3A60-8A0C-FC9AACFA2EC7}
		{BBDCBE14-C727-4813-9656-0CE10D468FC7} = {0EC62A1A-9858-3A60-8A0C-FC9AACFA2EC7}
	EndGlobalSection
EndGlobal
